// !$*UTF8*$!
{
	archiveVersion = 1;
	classes = {
	};
	objectVersion = 50;
	objects = {

/* Begin PBXBuildFile section */
		7E1284272101A65500E21A81 /* AppDelegate.swift in Sources */ = {isa = PBXBuildFile; fileRef = 7E1284262101A65500E21A81 /* AppDelegate.swift */; };
		7E1284292101A65500E21A81 /* ViewController.swift in Sources */ = {isa = PBXBuildFile; fileRef = 7E1284282101A65500E21A81 /* ViewController.swift */; };
		7E12842C2101A65500E21A81 /* Main.storyboard in Resources */ = {isa = PBXBuildFile; fileRef = 7E12842A2101A65500E21A81 /* Main.storyboard */; };
		7E12842E2101A65700E21A81 /* Assets.xcassets in Resources */ = {isa = PBXBuildFile; fileRef = 7E12842D2101A65700E21A81 /* Assets.xcassets */; };
		7E1284312101A65700E21A81 /* LaunchScreen.storyboard in Resources */ = {isa = PBXBuildFile; fileRef = 7E12842F2101A65700E21A81 /* LaunchScreen.storyboard */; };
		7E12843C2101A65800E21A81 /* swift_FunTests.swift in Sources */ = {isa = PBXBuildFile; fileRef = 7E12843B2101A65800E21A81 /* swift_FunTests.swift */; };
		7E1284472101A65800E21A81 /* swift_FunUITests.swift in Sources */ = {isa = PBXBuildFile; fileRef = 7E1284462101A65800E21A81 /* swift_FunUITests.swift */; };
/* End PBXBuildFile section */

/* Begin PBXContainerItemProxy section */
		7E1284382101A65800E21A81 /* PBXContainerItemProxy */ = {
			isa = PBXContainerItemProxy;
			containerPortal = 7E12841B2101A65500E21A81 /* Project object */;
			proxyType = 1;
			remoteGlobalIDString = 7E1284222101A65500E21A81;
			remoteInfo = "swift Fun";
		};
		7E1284432101A65800E21A81 /* PBXContainerItemProxy */ = {
			isa = PBXContainerItemProxy;
			containerPortal = 7E12841B2101A65500E21A81 /* Project object */;
			proxyType = 1;
			remoteGlobalIDString = 7E1284222101A65500E21A81;
			remoteInfo = "swift Fun";
		};
/* End PBXContainerItemProxy section */

/* Begin PBXFileReference section */
		7E1284232101A65500E21A81 /* swift Fun.app */ = {isa = PBXFileReference; explicitFileType = wrapper.application; includeInIndex = 0; path = "swift Fun.app"; sourceTree = BUILT_PRODUCTS_DIR; };
		7E1284262101A65500E21A81 /* AppDelegate.swift */ = {isa = PBXFileReference; lastKnownFileType = sourcecode.swift; path = AppDelegate.swift; sourceTree = "<group>"; };
		7E1284282101A65500E21A81 /* ViewController.swift */ = {isa = PBXFileReference; lastKnownFileType = sourcecode.swift; path = ViewController.swift; sourceTree = "<group>"; };
		7E12842B2101A65500E21A81 /* Base */ = {isa = PBXFileReference; lastKnownFileType = file.storyboard; name = Base; path = Base.lproj/Main.storyboard; sourceTree = "<group>"; };
		7E12842D2101A65700E21A81 /* Assets.xcassets */ = {isa = PBXFileReference; lastKnownFileType = folder.assetcatalog; path = Assets.xcassets; sourceTree = "<group>"; };
		7E1284302101A65700E21A81 /* Base */ = {isa = PBXFileReference; lastKnownFileType = file.storyboard; name = Base; path = Base.lproj/LaunchScreen.storyboard; sourceTree = "<group>"; };
		7E1284322101A65700E21A81 /* Info.plist */ = {isa = PBXFileReference; lastKnownFileType = text.plist.xml; path = Info.plist; sourceTree = "<group>"; };
		7E1284372101A65800E21A81 /* swift FunTests.xctest */ = {isa = PBXFileReference; explicitFileType = wrapper.cfbundle; includeInIndex = 0; path = "swift FunTests.xctest"; sourceTree = BUILT_PRODUCTS_DIR; };
		7E12843B2101A65800E21A81 /* swift_FunTests.swift */ = {isa = PBXFileReference; lastKnownFileType = sourcecode.swift; path = swift_FunTests.swift; sourceTree = "<group>"; };
		7E12843D2101A65800E21A81 /* Info.plist */ = {isa = PBXFileReference; lastKnownFileType = text.plist.xml; path = Info.plist; sourceTree = "<group>"; };
		7E1284422101A65800E21A81 /* swift FunUITests.xctest */ = {isa = PBXFileReference; explicitFileType = wrapper.cfbundle; includeInIndex = 0; path = "swift FunUITests.xctest"; sourceTree = BUILT_PRODUCTS_DIR; };
		7E1284462101A65800E21A81 /* swift_FunUITests.swift */ = {isa = PBXFileReference; lastKnownFileType = sourcecode.swift; path = swift_FunUITests.swift; sourceTree = "<group>"; };
		7E1284482101A65800E21A81 /* Info.plist */ = {isa = PBXFileReference; lastKnownFileType = text.plist.xml; path = Info.plist; sourceTree = "<group>"; };
/* End PBXFileReference section */

/* Begin PBXFrameworksBuildPhase section */
		7E1284202101A65500E21A81 /* Frameworks */ = {
			isa = PBXFrameworksBuildPhase;
			buildActionMask = 2147483647;
			files = (
			);
			runOnlyForDeploymentPostprocessing = 0;
		};
		7E1284342101A65800E21A81 /* Frameworks */ = {
			isa = PBXFrameworksBuildPhase;
			buildActionMask = 2147483647;
			files = (
			);
			runOnlyForDeploymentPostprocessing = 0;
		};
		7E12843F2101A65800E21A81 /* Frameworks */ = {
			isa = PBXFrameworksBuildPhase;
			buildActionMask = 2147483647;
			files = (
			);
			runOnlyForDeploymentPostprocessing = 0;
		};
/* End PBXFrameworksBuildPhase section */

/* Begin PBXGroup section */
		7E12841A2101A65500E21A81 = {
			isa = PBXGroup;
			children = (
				7E1284252101A65500E21A81 /* swift Fun */,
				7E12843A2101A65800E21A81 /* swift FunTests */,
				7E1284452101A65800E21A81 /* swift FunUITests */,
				7E1284242101A65500E21A81 /* Products */,
			);
			sourceTree = "<group>";
		};
		7E1284242101A65500E21A81 /* Products */ = {
			isa = PBXGroup;
			children = (
				7E1284232101A65500E21A81 /* swift Fun.app */,
				7E1284372101A65800E21A81 /* swift FunTests.xctest */,
				7E1284422101A65800E21A81 /* swift FunUITests.xctest */,
			);
			name = Products;
			sourceTree = "<group>";
		};
		7E1284252101A65500E21A81 /* swift Fun */ = {
			isa = PBXGroup;
			children = (
				7E1284262101A65500E21A81 /* AppDelegate.swift */,
				7E1284282101A65500E21A81 /* ViewController.swift */,
				7E12842A2101A65500E21A81 /* Main.storyboard */,
				7E12842D2101A65700E21A81 /* Assets.xcassets */,
				7E12842F2101A65700E21A81 /* LaunchScreen.storyboard */,
				7E1284322101A65700E21A81 /* Info.plist */,
			);
			path = "swift Fun";
			sourceTree = "<group>";
		};
		7E12843A2101A65800E21A81 /* swift FunTests */ = {
			isa = PBXGroup;
			children = (
				7E12843B2101A65800E21A81 /* swift_FunTests.swift */,
				7E12843D2101A65800E21A81 /* Info.plist */,
			);
			path = "swift FunTests";
			sourceTree = "<group>";
		};
		7E1284452101A65800E21A81 /* swift FunUITests */ = {
			isa = PBXGroup;
			children = (
				7E1284462101A65800E21A81 /* swift_FunUITests.swift */,
				7E1284482101A65800E21A81 /* Info.plist */,
			);
			path = "swift FunUITests";
			sourceTree = "<group>";
		};
/* End PBXGroup section */

/* Begin PBXNativeTarget section */
		7E1284222101A65500E21A81 /* swift Fun */ = {
			isa = PBXNativeTarget;
			buildConfigurationList = 7E12844B2101A65800E21A81 /* Build configuration list for PBXNativeTarget "swift Fun" */;
			buildPhases = (
				7E12841F2101A65500E21A81 /* Sources */,
				7E1284202101A65500E21A81 /* Frameworks */,
				7E1284212101A65500E21A81 /* Resources */,
			);
			buildRules = (
			);
			dependencies = (
			);
			name = "swift Fun";
			productName = "swift Fun";
			productReference = 7E1284232101A65500E21A81 /* swift Fun.app */;
			productType = "com.apple.product-type.application";
		};
		7E1284362101A65800E21A81 /* swift FunTests */ = {
			isa = PBXNativeTarget;
			buildConfigurationList = 7E12844E2101A65800E21A81 /* Build configuration list for PBXNativeTarget "swift FunTests" */;
			buildPhases = (
				7E1284332101A65800E21A81 /* Sources */,
				7E1284342101A65800E21A81 /* Frameworks */,
				7E1284352101A65800E21A81 /* Resources */,
			);
			buildRules = (
			);
			dependencies = (
				7E1284392101A65800E21A81 /* PBXTargetDependency */,
			);
			name = "swift FunTests";
			productName = "swift FunTests";
			productReference = 7E1284372101A65800E21A81 /* swift FunTests.xctest */;
			productType = "com.apple.product-type.bundle.unit-test";
		};
		7E1284412101A65800E21A81 /* swift FunUITests */ = {
			isa = PBXNativeTarget;
			buildConfigurationList = 7E1284512101A65800E21A81 /* Build configuration list for PBXNativeTarget "swift FunUITests" */;
			buildPhases = (
				7E12843E2101A65800E21A81 /* Sources */,
				7E12843F2101A65800E21A81 /* Frameworks */,
				7E1284402101A65800E21A81 /* Resources */,
			);
			buildRules = (
			);
			dependencies = (
				7E1284442101A65800E21A81 /* PBXTargetDependency */,
			);
			name = "swift FunUITests";
			productName = "swift FunUITests";
			productReference = 7E1284422101A65800E21A81 /* swift FunUITests.xctest */;
			productType = "com.apple.product-type.bundle.ui-testing";
		};
/* End PBXNativeTarget section */

/* Begin PBXProject section */
		7E12841B2101A65500E21A81 /* Project object */ = {
			isa = PBXProject;
			attributes = {
				LastSwiftUpdateCheck = 0940;
				LastUpgradeCheck = 0940;
				ORGANIZATIONNAME = "waleed ";
				TargetAttributes = {
					7E1284222101A65500E21A81 = {
						CreatedOnToolsVersion = 9.4.1;
					};
					7E1284362101A65800E21A81 = {
						CreatedOnToolsVersion = 9.4.1;
						TestTargetID = 7E1284222101A65500E21A81;
					};
					7E1284412101A65800E21A81 = {
						CreatedOnToolsVersion = 9.4.1;
						TestTargetID = 7E1284222101A65500E21A81;
					};
				};
			};
			buildConfigurationList = 7E12841E2101A65500E21A81 /* Build configuration list for PBXProject "swift Fun" */;
			compatibilityVersion = "Xcode 9.3";
			developmentRegion = en;
			hasScannedForEncodings = 0;
			knownRegions = (
				en,
				Base,
			);
			mainGroup = 7E12841A2101A65500E21A81;
			productRefGroup = 7E1284242101A65500E21A81 /* Products */;
			projectDirPath = "";
			projectRoot = "";
			targets = (
				7E1284222101A65500E21A81 /* swift Fun */,
				7E1284362101A65800E21A81 /* swift FunTests */,
				7E1284412101A65800E21A81 /* swift FunUITests */,
			);
		};
/* End PBXProject section */

/* Begin PBXResourcesBuildPhase section */
		7E1284212101A65500E21A81 /* Resources */ = {
			isa = PBXResourcesBuildPhase;
			buildActionMask = 2147483647;
			files = (
				7E1284312101A65700E21A81 /* LaunchScreen.storyboard in Resources */,
				7E12842E2101A65700E21A81 /* Assets.xcassets in Resources */,
				7E12842C2101A65500E21A81 /* Main.storyboard in Resources */,
			);
			runOnlyForDeploymentPostprocessing = 0;
		};
		7E1284352101A65800E21A81 /* Resources */ = {
			isa = PBXResourcesBuildPhase;
			buildActionMask = 2147483647;
			files = (
			);
			runOnlyForDeploymentPostprocessing = 0;
		};
		7E1284402101A65800E21A81 /* Resources */ = {
			isa = PBXResourcesBuildPhase;
			buildActionMask = 2147483647;
			files = (
			);
			runOnlyForDeploymentPostprocessing = 0;
		};
/* End PBXResourcesBuildPhase section */

/* Begin PBXSourcesBuildPhase section */
		7E12841F2101A65500E21A81 /* Sources */ = {
			isa = PBXSourcesBuildPhase;
			buildActionMask = 2147483647;
			files = (
				7E1284292101A65500E21A81 /* ViewController.swift in Sources */,
				7E1284272101A65500E21A81 /* AppDelegate.swift in Sources */,
			);
			runOnlyForDeploymentPostprocessing = 0;
		};
		7E1284332101A65800E21A81 /* Sources */ = {
			isa = PBXSourcesBuildPhase;
			buildActionMask = 2147483647;
			files = (
				7E12843C2101A65800E21A81 /* swift_FunTests.swift in Sources */,
			);
			runOnlyForDeploymentPostprocessing = 0;
		};
		7E12843E2101A65800E21A81 /* Sources */ = {
			isa = PBXSourcesBuildPhase;
			buildActionMask = 2147483647;
			files = (
				7E1284472101A65800E21A81 /* swift_FunUITests.swift in Sources */,
			);
			runOnlyForDeploymentPostprocessing = 0;
		};
/* End PBXSourcesBuildPhase section */

/* Begin PBXTargetDependency section */
		7E1284392101A65800E21A81 /* PBXTargetDependency */ = {
			isa = PBXTargetDependency;
			target = 7E1284222101A65500E21A81 /* swift Fun */;
			targetProxy = 7E1284382101A65800E21A81 /* PBXContainerItemProxy */;
		};
		7E1284442101A65800E21A81 /* PBXTargetDependency */ = {
			isa = PBXTargetDependency;
			target = 7E1284222101A65500E21A81 /* swift Fun */;
			targetProxy = 7E1284432101A65800E21A81 /* PBXContainerItemProxy */;
		};
/* End PBXTargetDependency section */

/* Begin PBXVariantGroup section */
		7E12842A2101A65500E21A81 /* Main.storyboard */ = {
			isa = PBXVariantGroup;
			children = (
				7E12842B2101A65500E21A81 /* Base */,
			);
			name = Main.storyboard;
			sourceTree = "<group>";
		};
		7E12842F2101A65700E21A81 /* LaunchScreen.storyboard */ = {
			isa = PBXVariantGroup;
			children = (
				7E1284302101A65700E21A81 /* Base */,
			);
			name = LaunchScreen.storyboard;
			sourceTree = "<group>";
		};
/* End PBXVariantGroup section */

/* Begin XCBuildConfiguration section */
		7E1284492101A65800E21A81 /* Debug */ = {
			isa = XCBuildConfiguration;
			buildSettings = {
				ALWAYS_SEARCH_USER_PATHS = NO;
				CLANG_ANALYZER_NONNULL = YES;
				CLANG_ANALYZER_NUMBER_OBJECT_CONVERSION = YES_AGGRESSIVE;
				CLANG_CXX_LANGUAGE_STANDARD = "gnu++14";
				CLANG_CXX_LIBRARY = "libc++";
				CLANG_ENABLE_MODULES = YES;
				CLANG_ENABLE_OBJC_ARC = YES;
				CLANG_ENABLE_OBJC_WEAK = YES;
				CLANG_WARN_BLOCK_CAPTURE_AUTORELEASING = YES;
				CLANG_WARN_BOOL_CONVERSION = YES;
				CLANG_WARN_COMMA = YES;
				CLANG_WARN_CONSTANT_CONVERSION = YES;
				CLANG_WARN_DEPRECATED_OBJC_IMPLEMENTATIONS = YES;
				CLANG_WARN_DIRECT_OBJC_ISA_USAGE = YES_ERROR;
				CLANG_WARN_DOCUMENTATION_COMMENTS = YES;
				CLANG_WARN_EMPTY_BODY = YES;
				CLANG_WARN_ENUM_CONVERSION = YES;
				CLANG_WARN_INFINITE_RECURSION = YES;
				CLANG_WARN_INT_CONVERSION = YES;
				CLANG_WARN_NON_LITERAL_NULL_CONVERSION = YES;
				CLANG_WARN_OBJC_IMPLICIT_RETAIN_SELF = YES;
				CLANG_WARN_OBJC_LITERAL_CONVERSION = YES;
				CLANG_WARN_OBJC_ROOT_CLASS = YES_ERROR;
				CLANG_WARN_RANGE_LOOP_ANALYSIS = YES;
				CLANG_WARN_STRICT_PROTOTYPES = YES;
				CLANG_WARN_SUSPICIOUS_MOVE = YES;
				CLANG_WARN_UNGUARDED_AVAILABILITY = YES_AGGRESSIVE;
				CLANG_WARN_UNREACHABLE_CODE = YES;
				CLANG_WARN__DUPLICATE_METHOD_MATCH = YES;
				CODE_SIGN_IDENTITY = "iPhone Developer";
				COPY_PHASE_STRIP = NO;
				DEBUG_INFORMATION_FORMAT = dwarf;
				ENABLE_STRICT_OBJC_MSGSEND = YES;
				ENABLE_TESTABILITY = YES;
				GCC_C_LANGUAGE_STANDARD = gnu11;
				GCC_DYNAMIC_NO_PIC = NO;
				GCC_NO_COMMON_BLOCKS = YES;
				GCC_OPTIMIZATION_LEVEL = 0;
				GCC_PREPROCESSOR_DEFINITIONS = (
					"DEBUG=1",
					"$(inherited)",
				);
				GCC_WARN_64_TO_32_BIT_CONVERSION = YES;
				GCC_WARN_ABOUT_RETURN_TYPE = YES_ERROR;
				GCC_WARN_UNDECLARED_SELECTOR = YES;
				GCC_WARN_UNINITIALIZED_AUTOS = YES_AGGRESSIVE;
				GCC_WARN_UNUSED_FUNCTION = YES;
				GCC_WARN_UNUSED_VARIABLE = YES;
				IPHONEOS_DEPLOYMENT_TARGET = 11.4;
				MTL_ENABLE_DEBUG_INFO = YES;
				ONLY_ACTIVE_ARCH = YES;
				SDKROOT = iphoneos;
				SWIFT_ACTIVE_COMPILATION_CONDITIONS = DEBUG;
				SWIFT_OPTIMIZATION_LEVEL = "-Onone";
			};
			name = Debug;
		};
		7E12844A2101A65800E21A81 /* Release */ = {
			isa = XCBuildConfiguration;
			buildSettings = {
				ALWAYS_SEARCH_USER_PATHS = NO;
				CLANG_ANALYZER_NONNULL = YES;
				CLANG_ANALYZER_NUMBER_OBJECT_CONVERSION = YES_AGGRESSIVE;
				CLANG_CXX_LANGUAGE_STANDARD = "gnu++14";
				CLANG_CXX_LIBRARY = "libc++";
				CLANG_ENABLE_MODULES = YES;
				CLANG_ENABLE_OBJC_ARC = YES;
				CLANG_ENABLE_OBJC_WEAK = YES;
				CLANG_WARN_BLOCK_CAPTURE_AUTORELEASING = YES;
				CLANG_WARN_BOOL_CONVERSION = YES;
				CLANG_WARN_COMMA = YES;
				CLANG_WARN_CONSTANT_CONVERSION = YES;
				CLANG_WARN_DEPRECATED_OBJC_IMPLEMENTATIONS = YES;
				CLANG_WARN_DIRECT_OBJC_ISA_USAGE = YES_ERROR;
				CLANG_WARN_DOCUMENTATION_COMMENTS = YES;
				CLANG_WARN_EMPTY_BODY = YES;
				CLANG_WARN_ENUM_CONVERSION = YES;
				CLANG_WARN_INFINITE_RECURSION = YES;
				CLANG_WARN_INT_CONVERSION = YES;
				CLANG_WARN_NON_LITERAL_NULL_CONVERSION = YES;
				CLANG_WARN_OBJC_IMPLICIT_RETAIN_SELF = YES;
				CLANG_WARN_OBJC_LITERAL_CONVERSION = YES;
				CLANG_WARN_OBJC_ROOT_CLASS = YES_ERROR;
				CLANG_WARN_RANGE_LOOP_ANALYSIS = YES;
				CLANG_WARN_STRICT_PROTOTYPES = YES;
				CLANG_WARN_SUSPICIOUS_MOVE = YES;
				CLANG_WARN_UNGUARDED_AVAILABILITY = YES_AGGRESSIVE;
				CLANG_WARN_UNREACHABLE_CODE = YES;
				CLANG_WARN__DUPLICATE_METHOD_MATCH = YES;
				CODE_SIGN_IDENTITY = "iPhone Developer";
				COPY_PHASE_STRIP = NO;
				DEBUG_INFORMATION_FORMAT = "dwarf-with-dsym";
				ENABLE_NS_ASSERTIONS = NO;
				ENABLE_STRICT_OBJC_MSGSEND = YES;
				GCC_C_LANGUAGE_STANDARD = gnu11;
				GCC_NO_COMMON_BLOCKS = YES;
				GCC_WARN_64_TO_32_BIT_CONVERSION = YES;
				GCC_WARN_ABOUT_RETURN_TYPE = YES_ERROR;
				GCC_WARN_UNDECLARED_SELECTOR = YES;
				GCC_WARN_UNINITIALIZED_AUTOS = YES_AGGRESSIVE;
				GCC_WARN_UNUSED_FUNCTION = YES;
				GCC_WARN_UNUSED_VARIABLE = YES;
				IPHONEOS_DEPLOYMENT_TARGET = 11.4;
				MTL_ENABLE_DEBUG_INFO = NO;
				SDKROOT = iphoneos;
				SWIFT_COMPILATION_MODE = wholemodule;
				SWIFT_OPTIMIZATION_LEVEL = "-O";
				VALIDATE_PRODUCT = YES;
			};
			name = Release;
		};
		7E12844C2101A65800E21A81 /* Debug */ = {
			isa = XCBuildConfiguration;
			buildSettings = {
				ASSETCATALOG_COMPILER_APPICON_NAME = AppIcon;
				CODE_SIGN_STYLE = Automatic;
				INFOPLIST_FILE = "swift Fun/Info.plist";
				LD_RUNPATH_SEARCH_PATHS = (
					"$(inherited)",
					"@executable_path/Frameworks",
				);
				PRODUCT_BUNDLE_IDENTIFIER = "kaka.swift-Fun";
				PRODUCT_NAME = "$(TARGET_NAME)";
				SWIFT_VERSION = 4.0;
				TARGETED_DEVICE_FAMILY = "1,2";
			};
			name = Debug;
		};
		7E12844D2101A65800E21A81 /* Release */ = {
			isa = XCBuildConfiguration;
			buildSettings = {
				ASSETCATALOG_COMPILER_APPICON_NAME = AppIcon;
				CODE_SIGN_STYLE = Automatic;
				INFOPLIST_FILE = "swift Fun/Info.plist";
				LD_RUNPATH_SEARCH_PATHS = (
					"$(inherited)",
					"@executable_path/Frameworks",
				);
				PRODUCT_BUNDLE_IDENTIFIER = "kaka.swift-Fun";
				PRODUCT_NAME = "$(TARGET_NAME)";
				SWIFT_VERSION = 4.0;
				TARGETED_DEVICE_FAMILY = "1,2";
			};
			name = Release;
		};
		7E12844F2101A65800E21A81 /* Debug */ = {
			isa = XCBuildConfiguration;
			buildSettings = {
				ALWAYS_EMBED_SWIFT_STANDARD_LIBRARIES = YES;
				BUNDLE_LOADER = "$(TEST_HOST)";
				CODE_SIGN_STYLE = Automatic;
				INFOPLIST_FILE = "swift FunTests/Info.plist";
				LD_RUNPATH_SEARCH_PATHS = (
					"$(inherited)",
					"@executable_path/Frameworks",
					"@loader_path/Frameworks",
				);
				PRODUCT_BUNDLE_IDENTIFIER = "kaka.swift-FunTests";
				PRODUCT_NAME = "$(TARGET_NAME)";
				SWIFT_VERSION = 4.0;
				TARGETED_DEVICE_FAMILY = "1,2";
				TEST_HOST = "$(BUILT_PRODUCTS_DIR)/swift Fun.app/swift Fun";
			};
			name = Debug;
		};
		7E1284502101A65800E21A81 /* Release */ = {
			isa = XCBuildConfiguration;
			buildSettings = {
				ALWAYS_EMBED_SWIFT_STANDARD_LIBRARIES = YES;
				BUNDLE_LOADER = "$(TEST_HOST)";
				CODE_SIGN_STYLE = Automatic;
				INFOPLIST_FILE = "swift FunTests/Info.plist";
				LD_RUNPATH_SEARCH_PATHS = (
					"$(inherited)",
					"@executable_path/Frameworks",
					"@loader_path/Frameworks",
				);
				PRODUCT_BUNDLE_IDENTIFIER = "kaka.swift-FunTests";
				PRODUCT_NAME = "$(TARGET_NAME)";
				SWIFT_VERSION = 4.0;
				TARGETED_DEVICE_FAMILY = "1,2";
				TEST_HOST = "$(BUILT_PRODUCTS_DIR)/swift Fun.app/swift Fun";
			};
			name = Release;
		};
		7E1284522101A65800E21A81 /* Debug */ = {
			isa = XCBuildConfiguration;
			buildSettings = {
				ALWAYS_EMBED_SWIFT_STANDARD_LIBRARIES = YES;
				CODE_SIGN_STYLE = Automatic;
				INFOPLIST_FILE = "swift FunUITests/Info.plist";
				LD_RUNPATH_SEARCH_PATHS = (
					"$(inherited)",
					"@executable_path/Frameworks",
					"@loader_path/Frameworks",
				);
				PRODUCT_BUNDLE_IDENTIFIER = "kaka.swift-FunUITests";
				PRODUCT_NAME = "$(TARGET_NAME)";
				SWIFT_VERSION = 4.0;
				TARGETED_DEVICE_FAMILY = "1,2";
				TEST_TARGET_NAME = "swift Fun";
			};
			name = Debug;
		};
		7E1284532101A65800E21A81 /* Release */ = {
			isa = XCBuildConfiguration;
			buildSettings = {
				ALWAYS_EMBED_SWIFT_STANDARD_LIBRARIES = YES;
				CODE_SIGN_STYLE = Automatic;
				INFOPLIST_FILE = "swift FunUITests/Info.plist";
				LD_RUNPATH_SEARCH_PATHS = (
					"$(inherited)",
					"@executable_path/Frameworks",
					"@loader_path/Frameworks",
				);
				PRODUCT_BUNDLE_IDENTIFIER = "kaka.swift-FunUITests";
				PRODUCT_NAME = "$(TARGET_NAME)";
				SWIFT_VERSION = 4.0;
				TARGETED_DEVICE_FAMILY = "1,2";
				TEST_TARGET_NAME = "swift Fun";
			};
			name = Release;
		};
/* End XCBuildConfiguration section */

/* Begin XCConfigurationList section */
		7E12841E2101A65500E21A81 /* Build configuration list for PBXProject "swift Fun" */ = {
			isa = XCConfigurationList;
			buildConfigurations = (
				7E1284492101A65800E21A81 /* Debug */,
				7E12844A2101A65800E21A81 /* Release */,
			);
			defaultConfigurationIsVisible = 0;
			defaultConfigurationName = Release;
		};
		7E12844B2101A65800E21A81 /* Build configuration list for PBXNativeTarget "swift Fun" */ = {
			isa = XCConfigurationList;
			buildConfigurations = (
				7E12844C2101A65800E21A81 /* Debug */,
				7E12844D2101A65800E21A81 /* Release */,
			);
			defaultConfigurationIsVisible = 0;
			defaultConfigurationName = Release;
		};
		7E12844E2101A65800E21A81 /* Build configuration list for PBXNativeTarget "swift FunTests" */ = {
			isa = XCConfigurationList;
			buildConfigurations = (
				7E12844F2101A65800E21A81 /* Debug */,
				7E1284502101A65800E21A81 /* Release */,
			);
			defaultConfigurationIsVisible = 0;
			defaultConfigurationName = Release;
		};
		7E1284512101A65800E21A81 /* Build configuration list for PBXNativeTarget "swift FunUITests" */ = {
			isa = XCConfigurationList;
			buildConfigurations = (
				7E1284522101A65800E21A81 /* Debug */,
				7E1284532101A65800E21A81 /* Release */,
			);
			defaultConfigurationIsVisible = 0;
			defaultConfigurationName = Release;
		};
/* End XCConfigurationList section */
	};
	rootObject = 7E12841B2101A65500E21A81 /* Project object */;
}
